// !$*UTF8*$!
{
	archiveVersion = 1;
	classes = {
	};
	objectVersion = 56;
	objects = {

/* Begin PBXBuildFile section */
		04510D4B297548990048A0A7 /* AppDelegate.swift in Sources */ = {isa = PBXBuildFile; fileRef = 04510D4A297548990048A0A7 /* AppDelegate.swift */; };
		04510D4D297548990048A0A7 /* SceneDelegate.swift in Sources */ = {isa = PBXBuildFile; fileRef = 04510D4C297548990048A0A7 /* SceneDelegate.swift */; };
		04510D4F297548990048A0A7 /* LoginWindowViewController.swift in Sources */ = {isa = PBXBuildFile; fileRef = 04510D4E297548990048A0A7 /* LoginWindowViewController.swift */; };
		04510D52297548990048A0A7 /* Main.storyboard in Resources */ = {isa = PBXBuildFile; fileRef = 04510D50297548990048A0A7 /* Main.storyboard */; };
		04510D542975489C0048A0A7 /* Assets.xcassets in Resources */ = {isa = PBXBuildFile; fileRef = 04510D532975489C0048A0A7 /* Assets.xcassets */; };
		04510D572975489C0048A0A7 /* LaunchScreen.storyboard in Resources */ = {isa = PBXBuildFile; fileRef = 04510D552975489C0048A0A7 /* LaunchScreen.storyboard */; };
		04510D6229754A8E0048A0A7 /* LoginViewPresenter.swift in Sources */ = {isa = PBXBuildFile; fileRef = 04510D6129754A8E0048A0A7 /* LoginViewPresenter.swift */; };
		04510D6529754D3D0048A0A7 /* NetworkManager.swift in Sources */ = {isa = PBXBuildFile; fileRef = 04510D6429754D3D0048A0A7 /* NetworkManager.swift */; };
		04510D68297561320048A0A7 /* CoursesModel.swift in Sources */ = {isa = PBXBuildFile; fileRef = 04510D67297561320048A0A7 /* CoursesModel.swift */; };
/* End PBXBuildFile section */

/* Begin PBXFileReference section */
		04510D47297548990048A0A7 /* cookiesTestApp.app */ = {isa = PBXFileReference; explicitFileType = wrapper.application; includeInIndex = 0; path = cookiesTestApp.app; sourceTree = BUILT_PRODUCTS_DIR; };
		04510D4A297548990048A0A7 /* AppDelegate.swift */ = {isa = PBXFileReference; lastKnownFileType = sourcecode.swift; path = AppDelegate.swift; sourceTree = "<group>"; };
		04510D4C297548990048A0A7 /* SceneDelegate.swift */ = {isa = PBXFileReference; lastKnownFileType = sourcecode.swift; path = SceneDelegate.swift; sourceTree = "<group>"; };
		04510D4E297548990048A0A7 /* LoginWindowViewController.swift */ = {isa = PBXFileReference; lastKnownFileType = sourcecode.swift; path = LoginWindowViewController.swift; sourceTree = "<group>"; };
		04510D51297548990048A0A7 /* Base */ = {isa = PBXFileReference; lastKnownFileType = file.storyboard; name = Base; path = Base.lproj/Main.storyboard; sourceTree = "<group>"; };
		04510D532975489C0048A0A7 /* Assets.xcassets */ = {isa = PBXFileReference; lastKnownFileType = folder.assetcatalog; path = Assets.xcassets; sourceTree = "<group>"; };
		04510D562975489C0048A0A7 /* Base */ = {isa = PBXFileReference; lastKnownFileType = file.storyboard; name = Base; path = Base.lproj/LaunchScreen.storyboard; sourceTree = "<group>"; };
		04510D582975489C0048A0A7 /* Info.plist */ = {isa = PBXFileReference; lastKnownFileType = text.plist.xml; path = Info.plist; sourceTree = "<group>"; };
		04510D6129754A8E0048A0A7 /* LoginViewPresenter.swift */ = {isa = PBXFileReference; lastKnownFileType = sourcecode.swift; path = LoginViewPresenter.swift; sourceTree = "<group>"; };
		04510D6429754D3D0048A0A7 /* NetworkManager.swift */ = {isa = PBXFileReference; lastKnownFileType = sourcecode.swift; path = NetworkManager.swift; sourceTree = "<group>"; };
		04510D67297561320048A0A7 /* CoursesModel.swift */ = {isa = PBXFileReference; lastKnownFileType = sourcecode.swift; path = CoursesModel.swift; sourceTree = "<group>"; };
/* End PBXFileReference section */

/* Begin PBXFrameworksBuildPhase section */
		04510D44297548990048A0A7 /* Frameworks */ = {
			isa = PBXFrameworksBuildPhase;
			buildActionMask = 2147483647;
			files = (
			);
			runOnlyForDeploymentPostprocessing = 0;
		};
/* End PBXFrameworksBuildPhase section */

/* Begin PBXGroup section */
		04510D3E297548990048A0A7 = {
			isa = PBXGroup;
			children = (
				04510D49297548990048A0A7 /* cookiesTestApp */,
				04510D48297548990048A0A7 /* Products */,
			);
			sourceTree = "<group>";
		};
		04510D48297548990048A0A7 /* Products */ = {
			isa = PBXGroup;
			children = (
				04510D47297548990048A0A7 /* cookiesTestApp.app */,
			);
			name = Products;
			sourceTree = "<group>";
		};
		04510D49297548990048A0A7 /* cookiesTestApp */ = {
			isa = PBXGroup;
			children = (
				04510D662975611C0048A0A7 /* Models */,
				04510D6329754D280048A0A7 /* Network */,
				04510D532975489C0048A0A7 /* Assets.xcassets */,
				04510D5F297548EC0048A0A7 /* Delegate */,
				04510D582975489C0048A0A7 /* Info.plist */,
				04510D5E297548B20048A0A7 /* LoginWindow */,
				04510D602975494A0048A0A7 /* Storyboard */,
			);
			path = cookiesTestApp;
			sourceTree = "<group>";
		};
		04510D5E297548B20048A0A7 /* LoginWindow */ = {
			isa = PBXGroup;
			children = (
				04510D4E297548990048A0A7 /* LoginWindowViewController.swift */,
				04510D6129754A8E0048A0A7 /* LoginViewPresenter.swift */,
			);
			path = LoginWindow;
			sourceTree = "<group>";
		};
		04510D5F297548EC0048A0A7 /* Delegate */ = {
			isa = PBXGroup;
			children = (
				04510D4C297548990048A0A7 /* SceneDelegate.swift */,
				04510D4A297548990048A0A7 /* AppDelegate.swift */,
			);
			path = Delegate;
			sourceTree = "<group>";
		};
		04510D602975494A0048A0A7 /* Storyboard */ = {
			isa = PBXGroup;
			children = (
				04510D552975489C0048A0A7 /* LaunchScreen.storyboard */,
				04510D50297548990048A0A7 /* Main.storyboard */,
			);
			path = Storyboard;
			sourceTree = "<group>";
		};
		04510D6329754D280048A0A7 /* Network */ = {
			isa = PBXGroup;
			children = (
				04510D6429754D3D0048A0A7 /* NetworkManager.swift */,
			);
			path = Network;
			sourceTree = "<group>";
		};
		04510D662975611C0048A0A7 /* Models */ = {
			isa = PBXGroup;
			children = (
				04510D67297561320048A0A7 /* CoursesModel.swift */,
			);
			path = Models;
			sourceTree = "<group>";
		};
/* End PBXGroup section */

/* Begin PBXNativeTarget section */
		04510D46297548990048A0A7 /* cookiesTestApp */ = {
			isa = PBXNativeTarget;
			buildConfigurationList = 04510D5B2975489C0048A0A7 /* Build configuration list for PBXNativeTarget "cookiesTestApp" */;
			buildPhases = (
				04510D43297548990048A0A7 /* Sources */,
				04510D44297548990048A0A7 /* Frameworks */,
				04510D45297548990048A0A7 /* Resources */,
			);
			buildRules = (
			);
			dependencies = (
			);
			name = cookiesTestApp;
			productName = cookiesTestApp;
			productReference = 04510D47297548990048A0A7 /* cookiesTestApp.app */;
			productType = "com.apple.product-type.application";
		};
/* End PBXNativeTarget section */

/* Begin PBXProject section */
		04510D3F297548990048A0A7 /* Project object */ = {
			isa = PBXProject;
			attributes = {
				BuildIndependentTargetsInParallel = 1;
				LastSwiftUpdateCheck = 1410;
				LastUpgradeCheck = 1410;
				TargetAttributes = {
					04510D46297548990048A0A7 = {
						CreatedOnToolsVersion = 14.1;
					};
				};
			};
			buildConfigurationList = 04510D42297548990048A0A7 /* Build configuration list for PBXProject "cookiesTestApp" */;
			compatibilityVersion = "Xcode 14.0";
			developmentRegion = en;
			hasScannedForEncodings = 0;
			knownRegions = (
				en,
				Base,
			);
			mainGroup = 04510D3E297548990048A0A7;
			productRefGroup = 04510D48297548990048A0A7 /* Products */;
			projectDirPath = "";
			projectRoot = "";
			targets = (
				04510D46297548990048A0A7 /* cookiesTestApp */,
			);
		};
/* End PBXProject section */

/* Begin PBXResourcesBuildPhase section */
		04510D45297548990048A0A7 /* Resources */ = {
			isa = PBXResourcesBuildPhase;
			buildActionMask = 2147483647;
			files = (
				04510D572975489C0048A0A7 /* LaunchScreen.storyboard in Resources */,
				04510D542975489C0048A0A7 /* Assets.xcassets in Resources */,
				04510D52297548990048A0A7 /* Main.storyboard in Resources */,
			);
			runOnlyForDeploymentPostprocessing = 0;
		};
/* End PBXResourcesBuildPhase section */

/* Begin PBXSourcesBuildPhase section */
		04510D43297548990048A0A7 /* Sources */ = {
			isa = PBXSourcesBuildPhase;
			buildActionMask = 2147483647;
			files = (
				04510D4F297548990048A0A7 /* LoginWindowViewController.swift in Sources */,
				04510D4B297548990048A0A7 /* AppDelegate.swift in Sources */,
				04510D6529754D3D0048A0A7 /* NetworkManager.swift in Sources */,
				04510D4D297548990048A0A7 /* SceneDelegate.swift in Sources */,
				04510D68297561320048A0A7 /* CoursesModel.swift in Sources */,
				04510D6229754A8E0048A0A7 /* LoginViewPresenter.swift in Sources */,
			);
			runOnlyForDeploymentPostprocessing = 0;
		};
/* End PBXSourcesBuildPhase section */

/* Begin PBXVariantGroup section */
		04510D50297548990048A0A7 /* Main.storyboard */ = {
			isa = PBXVariantGroup;
			children = (
				04510D51297548990048A0A7 /* Base */,
			);
			name = Main.storyboard;
			sourceTree = "<group>";
		};
		04510D552975489C0048A0A7 /* LaunchScreen.storyboard */ = {
			isa = PBXVariantGroup;
			children = (
				04510D562975489C0048A0A7 /* Base */,
			);
			name = LaunchScreen.storyboard;
			sourceTree = "<group>";
		};
/* End PBXVariantGroup section */

/* Begin XCBuildConfiguration section */
		04510D592975489C0048A0A7 /* Debug */ = {
			isa = XCBuildConfiguration;
			buildSettings = {
				ALWAYS_SEARCH_USER_PATHS = NO;
				CLANG_ANALYZER_NONNULL = YES;
				CLANG_ANALYZER_NUMBER_OBJECT_CONVERSION = YES_AGGRESSIVE;
				CLANG_CXX_LANGUAGE_STANDARD = "gnu++20";
				CLANG_ENABLE_MODULES = YES;
				CLANG_ENABLE_OBJC_ARC = YES;
				CLANG_ENABLE_OBJC_WEAK = YES;
				CLANG_WARN_BLOCK_CAPTURE_AUTORELEASING = YES;
				CLANG_WARN_BOOL_CONVERSION = YES;
				CLANG_WARN_COMMA = YES;
				CLANG_WARN_CONSTANT_CONVERSION = YES;
				CLANG_WARN_DEPRECATED_OBJC_IMPLEMENTATIONS = YES;
				CLANG_WARN_DIRECT_OBJC_ISA_USAGE = YES_ERROR;
				CLANG_WARN_DOCUMENTATION_COMMENTS = YES;
				CLANG_WARN_EMPTY_BODY = YES;
				CLANG_WARN_ENUM_CONVERSION = YES;
				CLANG_WARN_INFINITE_RECURSION = YES;
				CLANG_WARN_INT_CONVERSION = YES;
				CLANG_WARN_NON_LITERAL_NULL_CONVERSION = YES;
				CLANG_WARN_OBJC_IMPLICIT_RETAIN_SELF = YES;
				CLANG_WARN_OBJC_LITERAL_CONVERSION = YES;
				CLANG_WARN_OBJC_ROOT_CLASS = YES_ERROR;
				CLANG_WARN_QUOTED_INCLUDE_IN_FRAMEWORK_HEADER = YES;
				CLANG_WARN_RANGE_LOOP_ANALYSIS = YES;
				CLANG_WARN_STRICT_PROTOTYPES = YES;
				CLANG_WARN_SUSPICIOUS_MOVE = YES;
				CLANG_WARN_UNGUARDED_AVAILABILITY = YES_AGGRESSIVE;
				CLANG_WARN_UNREACHABLE_CODE = YES;
				CLANG_WARN__DUPLICATE_METHOD_MATCH = YES;
				COPY_PHASE_STRIP = NO;
				DEBUG_INFORMATION_FORMAT = dwarf;
				ENABLE_STRICT_OBJC_MSGSEND = YES;
				ENABLE_TESTABILITY = YES;
				GCC_C_LANGUAGE_STANDARD = gnu11;
				GCC_DYNAMIC_NO_PIC = NO;
				GCC_NO_COMMON_BLOCKS = YES;
				GCC_OPTIMIZATION_LEVEL = 0;
				GCC_PREPROCESSOR_DEFINITIONS = (
					"DEBUG=1",
					"$(inherited)",
				);
				GCC_WARN_64_TO_32_BIT_CONVERSION = YES;
				GCC_WARN_ABOUT_RETURN_TYPE = YES_ERROR;
				GCC_WARN_UNDECLARED_SELECTOR = YES;
				GCC_WARN_UNINITIALIZED_AUTOS = YES_AGGRESSIVE;
				GCC_WARN_UNUSED_FUNCTION = YES;
				GCC_WARN_UNUSED_VARIABLE = YES;
				IPHONEOS_DEPLOYMENT_TARGET = 16.1;
				MTL_ENABLE_DEBUG_INFO = INCLUDE_SOURCE;
				MTL_FAST_MATH = YES;
				ONLY_ACTIVE_ARCH = YES;
				SDKROOT = iphoneos;
				SWIFT_ACTIVE_COMPILATION_CONDITIONS = DEBUG;
				SWIFT_OPTIMIZATION_LEVEL = "-Onone";
			};
			name = Debug;
		};
		04510D5A2975489C0048A0A7 /* Release */ = {
			isa = XCBuildConfiguration;
			buildSettings = {
				ALWAYS_SEARCH_USER_PATHS = NO;
				CLANG_ANALYZER_NONNULL = YES;
				CLANG_ANALYZER_NUMBER_OBJECT_CONVERSION = YES_AGGRESSIVE;
				CLANG_CXX_LANGUAGE_STANDARD = "gnu++20";
				CLANG_ENABLE_MODULES = YES;
				CLANG_ENABLE_OBJC_ARC = YES;
				CLANG_ENABLE_OBJC_WEAK = YES;
				CLANG_WARN_BLOCK_CAPTURE_AUTORELEASING = YES;
				CLANG_WARN_BOOL_CONVERSION = YES;
				CLANG_WARN_COMMA = YES;
				CLANG_WARN_CONSTANT_CONVERSION = YES;
				CLANG_WARN_DEPRECATED_OBJC_IMPLEMENTATIONS = YES;
				CLANG_WARN_DIRECT_OBJC_ISA_USAGE = YES_ERROR;
				CLANG_WARN_DOCUMENTATION_COMMENTS = YES;
				CLANG_WARN_EMPTY_BODY = YES;
				CLANG_WARN_ENUM_CONVERSION = YES;
				CLANG_WARN_INFINITE_RECURSION = YES;
				CLANG_WARN_INT_CONVERSION = YES;
				CLANG_WARN_NON_LITERAL_NULL_CONVERSION = YES;
				CLANG_WARN_OBJC_IMPLICIT_RETAIN_SELF = YES;
				CLANG_WARN_OBJC_LITERAL_CONVERSION = YES;
				CLANG_WARN_OBJC_ROOT_CLASS = YES_ERROR;
				CLANG_WARN_QUOTED_INCLUDE_IN_FRAMEWORK_HEADER = YES;
				CLANG_WARN_RANGE_LOOP_ANALYSIS = YES;
				CLANG_WARN_STRICT_PROTOTYPES = YES;
				CLANG_WARN_SUSPICIOUS_MOVE = YES;
				CLANG_WARN_UNGUARDED_AVAILABILITY = YES_AGGRESSIVE;
				CLANG_WARN_UNREACHABLE_CODE = YES;
				CLANG_WARN__DUPLICATE_METHOD_MATCH = YES;
				COPY_PHASE_STRIP = NO;
				DEBUG_INFORMATION_FORMAT = "dwarf-with-dsym";
				ENABLE_NS_ASSERTIONS = NO;
				ENABLE_STRICT_OBJC_MSGSEND = YES;
				GCC_C_LANGUAGE_STANDARD = gnu11;
				GCC_NO_COMMON_BLOCKS = YES;
				GCC_WARN_64_TO_32_BIT_CONVERSION = YES;
				GCC_WARN_ABOUT_RETURN_TYPE = YES_ERROR;
				GCC_WARN_UNDECLARED_SELECTOR = YES;
				GCC_WARN_UNINITIALIZED_AUTOS = YES_AGGRESSIVE;
				GCC_WARN_UNUSED_FUNCTION = YES;
				GCC_WARN_UNUSED_VARIABLE = YES;
				IPHONEOS_DEPLOYMENT_TARGET = 16.1;
				MTL_ENABLE_DEBUG_INFO = NO;
				MTL_FAST_MATH = YES;
				SDKROOT = iphoneos;
				SWIFT_COMPILATION_MODE = wholemodule;
				SWIFT_OPTIMIZATION_LEVEL = "-O";
				VALIDATE_PRODUCT = YES;
			};
			name = Release;
		};
		04510D5C2975489C0048A0A7 /* Debug */ = {
			isa = XCBuildConfiguration;
			buildSettings = {
				ASSETCATALOG_COMPILER_APPICON_NAME = AppIcon;
				ASSETCATALOG_COMPILER_GLOBAL_ACCENT_COLOR_NAME = AccentColor;
				CODE_SIGN_STYLE = Automatic;
				CURRENT_PROJECT_VERSION = 1;
				GENERATE_INFOPLIST_FILE = YES;
				INFOPLIST_FILE = cookiesTestApp/Info.plist;
				INFOPLIST_KEY_UIApplicationSupportsIndirectInputEvents = YES;
				INFOPLIST_KEY_UILaunchStoryboardName = LaunchScreen;
				INFOPLIST_KEY_UIMainStoryboardFile = Main;
				INFOPLIST_KEY_UISupportedInterfaceOrientations_iPad = "UIInterfaceOrientationPortrait UIInterfaceOrientationPortraitUpsideDown UIInterfaceOrientationLandscapeLeft UIInterfaceOrientationLandscapeRight";
				INFOPLIST_KEY_UISupportedInterfaceOrientations_iPhone = "UIInterfaceOrientationPortrait UIInterfaceOrientationLandscapeLeft UIInterfaceOrientationLandscapeRight";
				IPHONEOS_DEPLOYMENT_TARGET = 16.0;
				LD_RUNPATH_SEARCH_PATHS = (
					"$(inherited)",
					"@executable_path/Frameworks",
				);
				MARKETING_VERSION = 1.0;
				PRODUCT_BUNDLE_IDENTIFIER = happy.cookiesTestApp;
				PRODUCT_NAME = "$(TARGET_NAME)";
				SWIFT_EMIT_LOC_STRINGS = YES;
				SWIFT_VERSION = 5.0;
				TARGETED_DEVICE_FAMILY = "1,2";
			};
			name = Debug;
		};
		04510D5D2975489C0048A0A7 /* Release */ = {
			isa = XCBuildConfiguration;
			buildSettings = {
				ASSETCATALOG_COMPILER_APPICON_NAME = AppIcon;
				ASSETCATALOG_COMPILER_GLOBAL_ACCENT_COLOR_NAME = AccentColor;
				CODE_SIGN_STYLE = Automatic;
				CURRENT_PROJECT_VERSION = 1;
				GENERATE_INFOPLIST_FILE = YES;
				INFOPLIST_FILE = cookiesTestApp/Info.plist;
				INFOPLIST_KEY_UIApplicationSupportsIndirectInputEvents = YES;
				INFOPLIST_KEY_UILaunchStoryboardName = LaunchScreen;
				INFOPLIST_KEY_UIMainStoryboardFile = Main;
				INFOPLIST_KEY_UISupportedInterfaceOrientations_iPad = "UIInterfaceOrientationPortrait UIInterfaceOrientationPortraitUpsideDown UIInterfaceOrientationLandscapeLeft UIInterfaceOrientationLandscapeRight";
				INFOPLIST_KEY_UISupportedInterfaceOrientations_iPhone = "UIInterfaceOrientationPortrait UIInterfaceOrientationLandscapeLeft UIInterfaceOrientationLandscapeRight";
				IPHONEOS_DEPLOYMENT_TARGET = 16.0;
				LD_RUNPATH_SEARCH_PATHS = (
					"$(inherited)",
					"@executable_path/Frameworks",
				);
				MARKETING_VERSION = 1.0;
				PRODUCT_BUNDLE_IDENTIFIER = happy.cookiesTestApp;
				PRODUCT_NAME = "$(TARGET_NAME)";
				SWIFT_EMIT_LOC_STRINGS = YES;
				SWIFT_VERSION = 5.0;
				TARGETED_DEVICE_FAMILY = "1,2";
			};
			name = Release;
		};
/* End XCBuildConfiguration section */

/* Begin XCConfigurationList section */
		04510D42297548990048A0A7 /* Build configuration list for PBXProject "cookiesTestApp" */ = {
			isa = XCConfigurationList;
			buildConfigurations = (
				04510D592975489C0048A0A7 /* Debug */,
				04510D5A2975489C0048A0A7 /* Release */,
			);
			defaultConfigurationIsVisible = 0;
			defaultConfigurationName = Release;
		};
		04510D5B2975489C0048A0A7 /* Build configuration list for PBXNativeTarget "cookiesTestApp" */ = {
			isa = XCConfigurationList;
			buildConfigurations = (
				04510D5C2975489C0048A0A7 /* Debug */,
				04510D5D2975489C0048A0A7 /* Release */,
			);
			defaultConfigurationIsVisible = 0;
			defaultConfigurationName = Release;
		};
/* End XCConfigurationList section */
	};
	rootObject = 04510D3F297548990048A0A7 /* Project object */;
}
